<?xml version="1.0" encoding="utf-8"?>
<Project ToolsVersion="4.0" xmlns="http://schemas.microsoft.com/developer/msbuild/2003">
  <ItemGroup>
    <ApplicationDefinition Include="..\shared\App.xaml" />
  </ItemGroup>
  <ItemGroup>
    <ClCompile Include="App.xaml.cpp" />
    <ClCompile Include="MainPage.xaml.cpp" />
    <ClCompile Include="pch.cpp" />
  </ItemGroup>
  <ItemGroup>
    <ClInclude Include="pch.h" />
    <ClInclude Include="App.xaml.h" />
    <ClInclude Include="MainPage.xaml.h" />
  </ItemGroup>
  <ItemGroup>
    <Image Include="..\..\..\SharedContent\media\smalltile-sdk.png">
      <Filter>Assets</Filter>
    </Image>
    <Image Include="..\..\..\SharedContent\media\splash-sdk.png">
      <Filter>Assets</Filter>
    </Image>
    <Image Include="..\..\..\SharedContent\media\squaretile-sdk.png">
      <Filter>Assets</Filter>
    </Image>
    <Image Include="..\..\..\SharedContent\media\storelogo-sdk.png">
      <Filter>Assets</Filter>
    </Image>
    <Image Include="..\..\..\SharedContent\media\tile-sdk.png">
      <Filter>Assets</Filter>
    </Image>
  </ItemGroup>
  <ItemGroup>
    <AppxManifest Include="Package.appxmanifest" />
  </ItemGroup>
  <ItemGroup>
    <Page Include="..\shared\MainPage.xaml" />
  </ItemGroup>
  <ItemGroup>
    <Filter Include="Assets">
      <UniqueIdentifier>{81044863-a41c-4a17-884e-4482b3e70faa}</UniqueIdentifier>
    </Filter>
  </ItemGroup>
  <ItemGroup>
    <None Include="..\..\..\..\..\..\..\opencv\vs2015\WS\10.0\ARM\bin\Debug\opencv_videostab300d.dll" />
    <None Include="..\..\..\..\..\..\..\opencv\vs2015\WS\10.0\ARM\bin\Debug\opencv_stitching300d.dll" />
    <None Include="..\..\..\..\..\..\..\opencv\vs2015\WS\10.0\ARM\bin\Debug\opencv_videoio300d.dll" />
    <None Include="..\..\..\..\..\..\..\opencv\vs2015\WS\10.0\ARM\bin\Debug\opencv_calib3d300d.dll" />
    <None Include="..\..\..\..\..\..\..\opencv\vs2015\WS\10.0\ARM\bin\Debug\opencv_shape300d.dll" />
    <None Include="..\..\..\..\..\..\..\opencv\vs2015\WS\10.0\ARM\bin\Debug\opencv_video300d.dll" />
    <None Include="..\..\..\..\..\..\..\opencv\vs2015\WS\10.0\ARM\bin\Debug\opencv_features2d300d.dll" />
    <None Include="..\..\..\..\..\..\..\opencv\vs2015\WS\10.0\ARM\bin\Debug\opencv_photo300d.dll" />
    <None Include="..\..\..\..\..\..\..\opencv\vs2015\WS\10.0\ARM\bin\Debug\opencv_objdetect300d.dll" />
    <None Include="..\..\..\..\..\..\..\opencv\vs2015\WS\10.0\ARM\bin\Debug\opencv_imgcodecs300d.dll" />
    <None Include="..\..\..\..\..\..\..\opencv\vs2015\WS\10.0\ARM\bin\Debug\opencv_imgproc300d.dll" />
    <None Include="..\..\..\..\..\..\..\opencv\vs2015\WS\10.0\ARM\bin\Debug\opencv_ml300d.dll" />
    <None Include="..\..\..\..\..\..\..\opencv\vs2015\WS\10.0\ARM\bin\Debug\opencv_flann300d.dll" />
    <None Include="..\..\..\..\..\..\..\opencv\vs2015\WS\10.0\ARM\bin\Debug\opencv_core300d.dll" />
  </ItemGroup>
</Project>